// !$*UTF8*$!
{
	archiveVersion = 1;
	classes = {
	};
	objectVersion = 56;
	objects = {

/* Begin PBXBuildFile section */
		1E36927C2AB3C35700184A70 /* AppDelegate.swift in Sources */ = {isa = PBXBuildFile; fileRef = 1E36927B2AB3C35700184A70 /* AppDelegate.swift */; };
		1E36927E2AB3C35700184A70 /* SceneDelegate.swift in Sources */ = {isa = PBXBuildFile; fileRef = 1E36927D2AB3C35700184A70 /* SceneDelegate.swift */; };
		1E3692802AB3C35700184A70 /* ViewController.swift in Sources */ = {isa = PBXBuildFile; fileRef = 1E36927F2AB3C35700184A70 /* ViewController.swift */; };
		1E3692832AB3C35700184A70 /* Main.storyboard in Resources */ = {isa = PBXBuildFile; fileRef = 1E3692812AB3C35700184A70 /* Main.storyboard */; };
		1E3692852AB3C35900184A70 /* Assets.xcassets in Resources */ = {isa = PBXBuildFile; fileRef = 1E3692842AB3C35900184A70 /* Assets.xcassets */; };
		1E3692882AB3C35900184A70 /* LaunchScreen.storyboard in Resources */ = {isa = PBXBuildFile; fileRef = 1E3692862AB3C35900184A70 /* LaunchScreen.storyboard */; };
		1E3692932AB3C35900184A70 /* HackwichThree_9_14_23Tests.swift in Sources */ = {isa = PBXBuildFile; fileRef = 1E3692922AB3C35900184A70 /* HackwichThree_9_14_23Tests.swift */; };
		1E36929D2AB3C35900184A70 /* HackwichThree_9_14_23UITests.swift in Sources */ = {isa = PBXBuildFile; fileRef = 1E36929C2AB3C35900184A70 /* HackwichThree_9_14_23UITests.swift */; };
		1E36929F2AB3C35900184A70 /* HackwichThree_9_14_23UITestsLaunchTests.swift in Sources */ = {isa = PBXBuildFile; fileRef = 1E36929E2AB3C35900184A70 /* HackwichThree_9_14_23UITestsLaunchTests.swift */; };
/* End PBXBuildFile section */

/* Begin PBXContainerItemProxy section */
		1E36928F2AB3C35900184A70 /* PBXContainerItemProxy */ = {
			isa = PBXContainerItemProxy;
			containerPortal = 1E3692702AB3C35700184A70 /* Project object */;
			proxyType = 1;
			remoteGlobalIDString = 1E3692772AB3C35700184A70;
			remoteInfo = HackwichThree_9.14.23;
		};
		1E3692992AB3C35900184A70 /* PBXContainerItemProxy */ = {
			isa = PBXContainerItemProxy;
			containerPortal = 1E3692702AB3C35700184A70 /* Project object */;
			proxyType = 1;
			remoteGlobalIDString = 1E3692772AB3C35700184A70;
			remoteInfo = HackwichThree_9.14.23;
		};
/* End PBXContainerItemProxy section */

/* Begin PBXFileReference section */
		1E3692782AB3C35700184A70 /* HackwichThree_9.14.23.app */ = {isa = PBXFileReference; explicitFileType = wrapper.application; includeInIndex = 0; path = HackwichThree_9.14.23.app; sourceTree = BUILT_PRODUCTS_DIR; };
		1E36927B2AB3C35700184A70 /* AppDelegate.swift */ = {isa = PBXFileReference; lastKnownFileType = sourcecode.swift; path = AppDelegate.swift; sourceTree = "<group>"; };
		1E36927D2AB3C35700184A70 /* SceneDelegate.swift */ = {isa = PBXFileReference; lastKnownFileType = sourcecode.swift; path = SceneDelegate.swift; sourceTree = "<group>"; };
		1E36927F2AB3C35700184A70 /* ViewController.swift */ = {isa = PBXFileReference; lastKnownFileType = sourcecode.swift; path = ViewController.swift; sourceTree = "<group>"; };
		1E3692822AB3C35700184A70 /* Base */ = {isa = PBXFileReference; lastKnownFileType = file.storyboard; name = Base; path = Base.lproj/Main.storyboard; sourceTree = "<group>"; };
		1E3692842AB3C35900184A70 /* Assets.xcassets */ = {isa = PBXFileReference; lastKnownFileType = folder.assetcatalog; path = Assets.xcassets; sourceTree = "<group>"; };
		1E3692872AB3C35900184A70 /* Base */ = {isa = PBXFileReference; lastKnownFileType = file.storyboard; name = Base; path = Base.lproj/LaunchScreen.storyboard; sourceTree = "<group>"; };
		1E3692892AB3C35900184A70 /* Info.plist */ = {isa = PBXFileReference; lastKnownFileType = text.plist.xml; path = Info.plist; sourceTree = "<group>"; };
		1E36928E2AB3C35900184A70 /* HackwichThree_9.14.23Tests.xctest */ = {isa = PBXFileReference; explicitFileType = wrapper.cfbundle; includeInIndex = 0; path = HackwichThree_9.14.23Tests.xctest; sourceTree = BUILT_PRODUCTS_DIR; };
		1E3692922AB3C35900184A70 /* HackwichThree_9_14_23Tests.swift */ = {isa = PBXFileReference; lastKnownFileType = sourcecode.swift; path = HackwichThree_9_14_23Tests.swift; sourceTree = "<group>"; };
		1E3692982AB3C35900184A70 /* HackwichThree_9.14.23UITests.xctest */ = {isa = PBXFileReference; explicitFileType = wrapper.cfbundle; includeInIndex = 0; path = HackwichThree_9.14.23UITests.xctest; sourceTree = BUILT_PRODUCTS_DIR; };
		1E36929C2AB3C35900184A70 /* HackwichThree_9_14_23UITests.swift */ = {isa = PBXFileReference; lastKnownFileType = sourcecode.swift; path = HackwichThree_9_14_23UITests.swift; sourceTree = "<group>"; };
		1E36929E2AB3C35900184A70 /* HackwichThree_9_14_23UITestsLaunchTests.swift */ = {isa = PBXFileReference; lastKnownFileType = sourcecode.swift; path = HackwichThree_9_14_23UITestsLaunchTests.swift; sourceTree = "<group>"; };
/* End PBXFileReference section */

/* Begin PBXFrameworksBuildPhase section */
		1E3692752AB3C35700184A70 /* Frameworks */ = {
			isa = PBXFrameworksBuildPhase;
			buildActionMask = 2147483647;
			files = (
			);
			runOnlyForDeploymentPostprocessing = 0;
		};
		1E36928B2AB3C35900184A70 /* Frameworks */ = {
			isa = PBXFrameworksBuildPhase;
			buildActionMask = 2147483647;
			files = (
			);
			runOnlyForDeploymentPostprocessing = 0;
		};
		1E3692952AB3C35900184A70 /* Frameworks */ = {
			isa = PBXFrameworksBuildPhase;
			buildActionMask = 2147483647;
			files = (
			);
			runOnlyForDeploymentPostprocessing = 0;
		};
/* End PBXFrameworksBuildPhase section */

/* Begin PBXGroup section */
		1E36926F2AB3C35700184A70 = {
			isa = PBXGroup;
			children = (
				1E36927A2AB3C35700184A70 /* HackwichThree_9.14.23 */,
				1E3692912AB3C35900184A70 /* HackwichThree_9.14.23Tests */,
				1E36929B2AB3C35900184A70 /* HackwichThree_9.14.23UITests */,
				1E3692792AB3C35700184A70 /* Products */,
			);
			sourceTree = "<group>";
		};
		1E3692792AB3C35700184A70 /* Products */ = {
			isa = PBXGroup;
			children = (
				1E3692782AB3C35700184A70 /* HackwichThree_9.14.23.app */,
				1E36928E2AB3C35900184A70 /* HackwichThree_9.14.23Tests.xctest */,
				1E3692982AB3C35900184A70 /* HackwichThree_9.14.23UITests.xctest */,
			);
			name = Products;
			sourceTree = "<group>";
		};
		1E36927A2AB3C35700184A70 /* HackwichThree_9.14.23 */ = {
			isa = PBXGroup;
			children = (
				1E36927B2AB3C35700184A70 /* AppDelegate.swift */,
				1E36927D2AB3C35700184A70 /* SceneDelegate.swift */,
				1E36927F2AB3C35700184A70 /* ViewController.swift */,
				1E3692812AB3C35700184A70 /* Main.storyboard */,
				1E3692842AB3C35900184A70 /* Assets.xcassets */,
				1E3692862AB3C35900184A70 /* LaunchScreen.storyboard */,
				1E3692892AB3C35900184A70 /* Info.plist */,
			);
			path = HackwichThree_9.14.23;
			sourceTree = "<group>";
		};
		1E3692912AB3C35900184A70 /* HackwichThree_9.14.23Tests */ = {
			isa = PBXGroup;
			children = (
				1E3692922AB3C35900184A70 /* HackwichThree_9_14_23Tests.swift */,
			);
			path = HackwichThree_9.14.23Tests;
			sourceTree = "<group>";
		};
		1E36929B2AB3C35900184A70 /* HackwichThree_9.14.23UITests */ = {
			isa = PBXGroup;
			children = (
				1E36929C2AB3C35900184A70 /* HackwichThree_9_14_23UITests.swift */,
				1E36929E2AB3C35900184A70 /* HackwichThree_9_14_23UITestsLaunchTests.swift */,
			);
			path = HackwichThree_9.14.23UITests;
			sourceTree = "<group>";
		};
/* End PBXGroup section */

/* Begin PBXNativeTarget section */
		1E3692772AB3C35700184A70 /* HackwichThree_9.14.23 */ = {
			isa = PBXNativeTarget;
			buildConfigurationList = 1E3692A22AB3C35900184A70 /* Build configuration list for PBXNativeTarget "HackwichThree_9.14.23" */;
			buildPhases = (
				1E3692742AB3C35700184A70 /* Sources */,
				1E3692752AB3C35700184A70 /* Frameworks */,
				1E3692762AB3C35700184A70 /* Resources */,
			);
			buildRules = (
			);
			dependencies = (
			);
			name = HackwichThree_9.14.23;
			productName = HackwichThree_9.14.23;
			productReference = 1E3692782AB3C35700184A70 /* HackwichThree_9.14.23.app */;
			productType = "com.apple.product-type.application";
		};
		1E36928D2AB3C35900184A70 /* HackwichThree_9.14.23Tests */ = {
			isa = PBXNativeTarget;
			buildConfigurationList = 1E3692A52AB3C35900184A70 /* Build configuration list for PBXNativeTarget "HackwichThree_9.14.23Tests" */;
			buildPhases = (
				1E36928A2AB3C35900184A70 /* Sources */,
				1E36928B2AB3C35900184A70 /* Frameworks */,
				1E36928C2AB3C35900184A70 /* Resources */,
			);
			buildRules = (
			);
			dependencies = (
				1E3692902AB3C35900184A70 /* PBXTargetDependency */,
			);
			name = HackwichThree_9.14.23Tests;
			productName = HackwichThree_9.14.23Tests;
			productReference = 1E36928E2AB3C35900184A70 /* HackwichThree_9.14.23Tests.xctest */;
			productType = "com.apple.product-type.bundle.unit-test";
		};
		1E3692972AB3C35900184A70 /* HackwichThree_9.14.23UITests */ = {
			isa = PBXNativeTarget;
			buildConfigurationList = 1E3692A82AB3C35900184A70 /* Build configuration list for PBXNativeTarget "HackwichThree_9.14.23UITests" */;
			buildPhases = (
				1E3692942AB3C35900184A70 /* Sources */,
				1E3692952AB3C35900184A70 /* Frameworks */,
				1E3692962AB3C35900184A70 /* Resources */,
			);
			buildRules = (
			);
			dependencies = (
				1E36929A2AB3C35900184A70 /* PBXTargetDependency */,
			);
			name = HackwichThree_9.14.23UITests;
			productName = HackwichThree_9.14.23UITests;
			productReference = 1E3692982AB3C35900184A70 /* HackwichThree_9.14.23UITests.xctest */;
			productType = "com.apple.product-type.bundle.ui-testing";
		};
/* End PBXNativeTarget section */

/* Begin PBXProject section */
		1E3692702AB3C35700184A70 /* Project object */ = {
			isa = PBXProject;
			attributes = {
				BuildIndependentTargetsInParallel = 1;
				LastSwiftUpdateCheck = 1430;
				LastUpgradeCheck = 1430;
				TargetAttributes = {
					1E3692772AB3C35700184A70 = {
						CreatedOnToolsVersion = 14.3.1;
					};
					1E36928D2AB3C35900184A70 = {
						CreatedOnToolsVersion = 14.3.1;
						TestTargetID = 1E3692772AB3C35700184A70;
					};
					1E3692972AB3C35900184A70 = {
						CreatedOnToolsVersion = 14.3.1;
						TestTargetID = 1E3692772AB3C35700184A70;
					};
				};
			};
			buildConfigurationList = 1E3692732AB3C35700184A70 /* Build configuration list for PBXProject "HackwichThree_9.14.23" */;
			compatibilityVersion = "Xcode 14.0";
			developmentRegion = en;
			hasScannedForEncodings = 0;
			knownRegions = (
				en,
				Base,
			);
			mainGroup = 1E36926F2AB3C35700184A70;
			productRefGroup = 1E3692792AB3C35700184A70 /* Products */;
			projectDirPath = "";
			projectRoot = "";
			targets = (
				1E3692772AB3C35700184A70 /* HackwichThree_9.14.23 */,
				1E36928D2AB3C35900184A70 /* HackwichThree_9.14.23Tests */,
				1E3692972AB3C35900184A70 /* HackwichThree_9.14.23UITests */,
			);
		};
/* End PBXProject section */

/* Begin PBXResourcesBuildPhase section */
		1E3692762AB3C35700184A70 /* Resources */ = {
			isa = PBXResourcesBuildPhase;
			buildActionMask = 2147483647;
			files = (
				1E3692882AB3C35900184A70 /* LaunchScreen.storyboard in Resources */,
				1E3692852AB3C35900184A70 /* Assets.xcassets in Resources */,
				1E3692832AB3C35700184A70 /* Main.storyboard in Resources */,
			);
			runOnlyForDeploymentPostprocessing = 0;
		};
		1E36928C2AB3C35900184A70 /* Resources */ = {
			isa = PBXResourcesBuildPhase;
			buildActionMask = 2147483647;
			files = (
			);
			runOnlyForDeploymentPostprocessing = 0;
		};
		1E3692962AB3C35900184A70 /* Resources */ = {
			isa = PBXResourcesBuildPhase;
			buildActionMask = 2147483647;
			files = (
			);
			runOnlyForDeploymentPostprocessing = 0;
		};
/* End PBXResourcesBuildPhase section */

/* Begin PBXSourcesBuildPhase section */
		1E3692742AB3C35700184A70 /* Sources */ = {
			isa = PBXSourcesBuildPhase;
			buildActionMask = 2147483647;
			files = (
				1E3692802AB3C35700184A70 /* ViewController.swift in Sources */,
				1E36927C2AB3C35700184A70 /* AppDelegate.swift in Sources */,
				1E36927E2AB3C35700184A70 /* SceneDelegate.swift in Sources */,
			);
			runOnlyForDeploymentPostprocessing = 0;
		};
		1E36928A2AB3C35900184A70 /* Sources */ = {
			isa = PBXSourcesBuildPhase;
			buildActionMask = 2147483647;
			files = (
				1E3692932AB3C35900184A70 /* HackwichThree_9_14_23Tests.swift in Sources */,
			);
			runOnlyForDeploymentPostprocessing = 0;
		};
		1E3692942AB3C35900184A70 /* Sources */ = {
			isa = PBXSourcesBuildPhase;
			buildActionMask = 2147483647;
			files = (
				1E36929D2AB3C35900184A70 /* HackwichThree_9_14_23UITests.swift in Sources */,
				1E36929F2AB3C35900184A70 /* HackwichThree_9_14_23UITestsLaunchTests.swift in Sources */,
			);
			runOnlyForDeploymentPostprocessing = 0;
		};
/* End PBXSourcesBuildPhase section */

/* Begin PBXTargetDependency section */
		1E3692902AB3C35900184A70 /* PBXTargetDependency */ = {
			isa = PBXTargetDependency;
			target = 1E3692772AB3C35700184A70 /* HackwichThree_9.14.23 */;
			targetProxy = 1E36928F2AB3C35900184A70 /* PBXContainerItemProxy */;
		};
		1E36929A2AB3C35900184A70 /* PBXTargetDependency */ = {
			isa = PBXTargetDependency;
			target = 1E3692772AB3C35700184A70 /* HackwichThree_9.14.23 */;
			targetProxy = 1E3692992AB3C35900184A70 /* PBXContainerItemProxy */;
		};
/* End PBXTargetDependency section */

/* Begin PBXVariantGroup section */
		1E3692812AB3C35700184A70 /* Main.storyboard */ = {
			isa = PBXVariantGroup;
			children = (
				1E3692822AB3C35700184A70 /* Base */,
			);
			name = Main.storyboard;
			sourceTree = "<group>";
		};
		1E3692862AB3C35900184A70 /* LaunchScreen.storyboard */ = {
			isa = PBXVariantGroup;
			children = (
				1E3692872AB3C35900184A70 /* Base */,
			);
			name = LaunchScreen.storyboard;
			sourceTree = "<group>";
		};
/* End PBXVariantGroup section */

/* Begin XCBuildConfiguration section */
		1E3692A02AB3C35900184A70 /* Debug */ = {
			isa = XCBuildConfiguration;
			buildSettings = {
				ALWAYS_SEARCH_USER_PATHS = NO;
				CLANG_ANALYZER_NONNULL = YES;
				CLANG_ANALYZER_NUMBER_OBJECT_CONVERSION = YES_AGGRESSIVE;
				CLANG_CXX_LANGUAGE_STANDARD = "gnu++20";
				CLANG_ENABLE_MODULES = YES;
				CLANG_ENABLE_OBJC_ARC = YES;
				CLANG_ENABLE_OBJC_WEAK = YES;
				CLANG_WARN_BLOCK_CAPTURE_AUTORELEASING = YES;
				CLANG_WARN_BOOL_CONVERSION = YES;
				CLANG_WARN_COMMA = YES;
				CLANG_WARN_CONSTANT_CONVERSION = YES;
				CLANG_WARN_DEPRECATED_OBJC_IMPLEMENTATIONS = YES;
				CLANG_WARN_DIRECT_OBJC_ISA_USAGE = YES_ERROR;
				CLANG_WARN_DOCUMENTATION_COMMENTS = YES;
				CLANG_WARN_EMPTY_BODY = YES;
				CLANG_WARN_ENUM_CONVERSION = YES;
				CLANG_WARN_INFINITE_RECURSION = YES;
				CLANG_WARN_INT_CONVERSION = YES;
				CLANG_WARN_NON_LITERAL_NULL_CONVERSION = YES;
				CLANG_WARN_OBJC_IMPLICIT_RETAIN_SELF = YES;
				CLANG_WARN_OBJC_LITERAL_CONVERSION = YES;
				CLANG_WARN_OBJC_ROOT_CLASS = YES_ERROR;
				CLANG_WARN_QUOTED_INCLUDE_IN_FRAMEWORK_HEADER = YES;
				CLANG_WARN_RANGE_LOOP_ANALYSIS = YES;
				CLANG_WARN_STRICT_PROTOTYPES = YES;
				CLANG_WARN_SUSPICIOUS_MOVE = YES;
				CLANG_WARN_UNGUARDED_AVAILABILITY = YES_AGGRESSIVE;
				CLANG_WARN_UNREACHABLE_CODE = YES;
				CLANG_WARN__DUPLICATE_METHOD_MATCH = YES;
				COPY_PHASE_STRIP = NO;
				DEBUG_INFORMATION_FORMAT = dwarf;
				ENABLE_STRICT_OBJC_MSGSEND = YES;
				ENABLE_TESTABILITY = YES;
				GCC_C_LANGUAGE_STANDARD = gnu11;
				GCC_DYNAMIC_NO_PIC = NO;
				GCC_NO_COMMON_BLOCKS = YES;
				GCC_OPTIMIZATION_LEVEL = 0;
				GCC_PREPROCESSOR_DEFINITIONS = (
					"DEBUG=1",
					"$(inherited)",
				);
				GCC_WARN_64_TO_32_BIT_CONVERSION = YES;
				GCC_WARN_ABOUT_RETURN_TYPE = YES_ERROR;
				GCC_WARN_UNDECLARED_SELECTOR = YES;
				GCC_WARN_UNINITIALIZED_AUTOS = YES_AGGRESSIVE;
				GCC_WARN_UNUSED_FUNCTION = YES;
				GCC_WARN_UNUSED_VARIABLE = YES;
				IPHONEOS_DEPLOYMENT_TARGET = 16.4;
				MTL_ENABLE_DEBUG_INFO = INCLUDE_SOURCE;
				MTL_FAST_MATH = YES;
				ONLY_ACTIVE_ARCH = YES;
				SDKROOT = iphoneos;
				SWIFT_ACTIVE_COMPILATION_CONDITIONS = DEBUG;
				SWIFT_OPTIMIZATION_LEVEL = "-Onone";
			};
			name = Debug;
		};
		1E3692A12AB3C35900184A70 /* Release */ = {
			isa = XCBuildConfiguration;
			buildSettings = {
				ALWAYS_SEARCH_USER_PATHS = NO;
				CLANG_ANALYZER_NONNULL = YES;
				CLANG_ANALYZER_NUMBER_OBJECT_CONVERSION = YES_AGGRESSIVE;
				CLANG_CXX_LANGUAGE_STANDARD = "gnu++20";
				CLANG_ENABLE_MODULES = YES;
				CLANG_ENABLE_OBJC_ARC = YES;
				CLANG_ENABLE_OBJC_WEAK = YES;
				CLANG_WARN_BLOCK_CAPTURE_AUTORELEASING = YES;
				CLANG_WARN_BOOL_CONVERSION = YES;
				CLANG_WARN_COMMA = YES;
				CLANG_WARN_CONSTANT_CONVERSION = YES;
				CLANG_WARN_DEPRECATED_OBJC_IMPLEMENTATIONS = YES;
				CLANG_WARN_DIRECT_OBJC_ISA_USAGE = YES_ERROR;
				CLANG_WARN_DOCUMENTATION_COMMENTS = YES;
				CLANG_WARN_EMPTY_BODY = YES;
				CLANG_WARN_ENUM_CONVERSION = YES;
				CLANG_WARN_INFINITE_RECURSION = YES;
				CLANG_WARN_INT_CONVERSION = YES;
				CLANG_WARN_NON_LITERAL_NULL_CONVERSION = YES;
				CLANG_WARN_OBJC_IMPLICIT_RETAIN_SELF = YES;
				CLANG_WARN_OBJC_LITERAL_CONVERSION = YES;
				CLANG_WARN_OBJC_ROOT_CLASS = YES_ERROR;
				CLANG_WARN_QUOTED_INCLUDE_IN_FRAMEWORK_HEADER = YES;
				CLANG_WARN_RANGE_LOOP_ANALYSIS = YES;
				CLANG_WARN_STRICT_PROTOTYPES = YES;
				CLANG_WARN_SUSPICIOUS_MOVE = YES;
				CLANG_WARN_UNGUARDED_AVAILABILITY = YES_AGGRESSIVE;
				CLANG_WARN_UNREACHABLE_CODE = YES;
				CLANG_WARN__DUPLICATE_METHOD_MATCH = YES;
				COPY_PHASE_STRIP = NO;
				DEBUG_INFORMATION_FORMAT = "dwarf-with-dsym";
				ENABLE_NS_ASSERTIONS = NO;
				ENABLE_STRICT_OBJC_MSGSEND = YES;
				GCC_C_LANGUAGE_STANDARD = gnu11;
				GCC_NO_COMMON_BLOCKS = YES;
				GCC_WARN_64_TO_32_BIT_CONVERSION = YES;
				GCC_WARN_ABOUT_RETURN_TYPE = YES_ERROR;
				GCC_WARN_UNDECLARED_SELECTOR = YES;
				GCC_WARN_UNINITIALIZED_AUTOS = YES_AGGRESSIVE;
				GCC_WARN_UNUSED_FUNCTION = YES;
				GCC_WARN_UNUSED_VARIABLE = YES;
				IPHONEOS_DEPLOYMENT_TARGET = 16.4;
				MTL_ENABLE_DEBUG_INFO = NO;
				MTL_FAST_MATH = YES;
				SDKROOT = iphoneos;
				SWIFT_COMPILATION_MODE = wholemodule;
				SWIFT_OPTIMIZATION_LEVEL = "-O";
				VALIDATE_PRODUCT = YES;
			};
			name = Release;
		};
		1E3692A32AB3C35900184A70 /* Debug */ = {
			isa = XCBuildConfiguration;
			buildSettings = {
				ASSETCATALOG_COMPILER_APPICON_NAME = AppIcon;
				ASSETCATALOG_COMPILER_GLOBAL_ACCENT_COLOR_NAME = AccentColor;
				CODE_SIGN_STYLE = Automatic;
				CURRENT_PROJECT_VERSION = 1;
				DEVELOPMENT_TEAM = 882K2GT26S;
				GENERATE_INFOPLIST_FILE = YES;
				INFOPLIST_FILE = HackwichThree_9.14.23/Info.plist;
				INFOPLIST_KEY_UIApplicationSupportsIndirectInputEvents = YES;
				INFOPLIST_KEY_UILaunchStoryboardName = LaunchScreen;
				INFOPLIST_KEY_UIMainStoryboardFile = Main;
				INFOPLIST_KEY_UISupportedInterfaceOrientations_iPad = "UIInterfaceOrientationPortrait UIInterfaceOrientationPortraitUpsideDown UIInterfaceOrientationLandscapeLeft UIInterfaceOrientationLandscapeRight";
				INFOPLIST_KEY_UISupportedInterfaceOrientations_iPhone = "UIInterfaceOrientationPortrait UIInterfaceOrientationLandscapeLeft UIInterfaceOrientationLandscapeRight";
				LD_RUNPATH_SEARCH_PATHS = (
					"$(inherited)",
					"@executable_path/Frameworks",
				);
				MARKETING_VERSION = 1.0;
				PRODUCT_BUNDLE_IDENTIFIER = "UHWO.HackwichThree-9-14-23";
				PRODUCT_NAME = "$(TARGET_NAME)";
				SWIFT_EMIT_LOC_STRINGS = YES;
				SWIFT_VERSION = 5.0;
				TARGETED_DEVICE_FAMILY = "1,2";
			};
			name = Debug;
		};
		1E3692A42AB3C35900184A70 /* Release */ = {
			isa = XCBuildConfiguration;
			buildSettings = {
				ASSETCATALOG_COMPILER_APPICON_NAME = AppIcon;
				ASSETCATALOG_COMPILER_GLOBAL_ACCENT_COLOR_NAME = AccentColor;
				CODE_SIGN_STYLE = Automatic;
				CURRENT_PROJECT_VERSION = 1;
				DEVELOPMENT_TEAM = 882K2GT26S;
				GENERATE_INFOPLIST_FILE = YES;
				INFOPLIST_FILE = HackwichThree_9.14.23/Info.plist;
				INFOPLIST_KEY_UIApplicationSupportsIndirectInputEvents = YES;
				INFOPLIST_KEY_UILaunchStoryboardName = LaunchScreen;
				INFOPLIST_KEY_UIMainStoryboardFile = Main;
				INFOPLIST_KEY_UISupportedInterfaceOrientations_iPad = "UIInterfaceOrientationPortrait UIInterfaceOrientationPortraitUpsideDown UIInterfaceOrientationLandscapeLeft UIInterfaceOrientationLandscapeRight";
				INFOPLIST_KEY_UISupportedInterfaceOrientations_iPhone = "UIInterfaceOrientationPortrait UIInterfaceOrientationLandscapeLeft UIInterfaceOrientationLandscapeRight";
				LD_RUNPATH_SEARCH_PATHS = (
					"$(inherited)",
					"@executable_path/Frameworks",
				);
				MARKETING_VERSION = 1.0;
				PRODUCT_BUNDLE_IDENTIFIER = "UHWO.HackwichThree-9-14-23";
				PRODUCT_NAME = "$(TARGET_NAME)";
				SWIFT_EMIT_LOC_STRINGS = YES;
				SWIFT_VERSION = 5.0;
				TARGETED_DEVICE_FAMILY = "1,2";
			};
			name = Release;
		};
		1E3692A62AB3C35900184A70 /* Debug */ = {
			isa = XCBuildConfiguration;
			buildSettings = {
				ALWAYS_EMBED_SWIFT_STANDARD_LIBRARIES = YES;
				BUNDLE_LOADER = "$(TEST_HOST)";
				CODE_SIGN_STYLE = Automatic;
				CURRENT_PROJECT_VERSION = 1;
				DEVELOPMENT_TEAM = 882K2GT26S;
				GENERATE_INFOPLIST_FILE = YES;
				IPHONEOS_DEPLOYMENT_TARGET = 16.4;
				MARKETING_VERSION = 1.0;
				PRODUCT_BUNDLE_IDENTIFIER = "UHWO.HackwichThree-9-14-23Tests";
				PRODUCT_NAME = "$(TARGET_NAME)";
				SWIFT_EMIT_LOC_STRINGS = NO;
				SWIFT_VERSION = 5.0;
				TARGETED_DEVICE_FAMILY = "1,2";
				TEST_HOST = "$(BUILT_PRODUCTS_DIR)/HackwichThree_9.14.23.app/$(BUNDLE_EXECUTABLE_FOLDER_PATH)/HackwichThree_9.14.23";
			};
			name = Debug;
		};
		1E3692A72AB3C35900184A70 /* Release */ = {
			isa = XCBuildConfiguration;
			buildSettings = {
				ALWAYS_EMBED_SWIFT_STANDARD_LIBRARIES = YES;
				BUNDLE_LOADER = "$(TEST_HOST)";
				CODE_SIGN_STYLE = Automatic;
				CURRENT_PROJECT_VERSION = 1;
				DEVELOPMENT_TEAM = 882K2GT26S;
				GENERATE_INFOPLIST_FILE = YES;
				IPHONEOS_DEPLOYMENT_TARGET = 16.4;
				MARKETING_VERSION = 1.0;
				PRODUCT_BUNDLE_IDENTIFIER = "UHWO.HackwichThree-9-14-23Tests";
				PRODUCT_NAME = "$(TARGET_NAME)";
				SWIFT_EMIT_LOC_STRINGS = NO;
				SWIFT_VERSION = 5.0;
				TARGETED_DEVICE_FAMILY = "1,2";
				TEST_HOST = "$(BUILT_PRODUCTS_DIR)/HackwichThree_9.14.23.app/$(BUNDLE_EXECUTABLE_FOLDER_PATH)/HackwichThree_9.14.23";
			};
			name = Release;
		};
		1E3692A92AB3C35900184A70 /* Debug */ = {
			isa = XCBuildConfiguration;
			buildSettings = {
				ALWAYS_EMBED_SWIFT_STANDARD_LIBRARIES = YES;
				CODE_SIGN_STYLE = Automatic;
				CURRENT_PROJECT_VERSION = 1;
				DEVELOPMENT_TEAM = 882K2GT26S;
				GENERATE_INFOPLIST_FILE = YES;
				MARKETING_VERSION = 1.0;
				PRODUCT_BUNDLE_IDENTIFIER = "UHWO.HackwichThree-9-14-23UITests";
				PRODUCT_NAME = "$(TARGET_NAME)";
				SWIFT_EMIT_LOC_STRINGS = NO;
				SWIFT_VERSION = 5.0;
				TARGETED_DEVICE_FAMILY = "1,2";
				TEST_TARGET_NAME = HackwichThree_9.14.23;
			};
			name = Debug;
		};
		1E3692AA2AB3C35900184A70 /* Release */ = {
			isa = XCBuildConfiguration;
			buildSettings = {
				ALWAYS_EMBED_SWIFT_STANDARD_LIBRARIES = YES;
				CODE_SIGN_STYLE = Automatic;
				CURRENT_PROJECT_VERSION = 1;
				DEVELOPMENT_TEAM = 882K2GT26S;
				GENERATE_INFOPLIST_FILE = YES;
				MARKETING_VERSION = 1.0;
				PRODUCT_BUNDLE_IDENTIFIER = "UHWO.HackwichThree-9-14-23UITests";
				PRODUCT_NAME = "$(TARGET_NAME)";
				SWIFT_EMIT_LOC_STRINGS = NO;
				SWIFT_VERSION = 5.0;
				TARGETED_DEVICE_FAMILY = "1,2";
				TEST_TARGET_NAME = HackwichThree_9.14.23;
			};
			name = Release;
		};
/* End XCBuildConfiguration section */

/* Begin XCConfigurationList section */
		1E3692732AB3C35700184A70 /* Build configuration list for PBXProject "HackwichThree_9.14.23" */ = {
			isa = XCConfigurationList;
			buildConfigurations = (
				1E3692A02AB3C35900184A70 /* Debug */,
				1E3692A12AB3C35900184A70 /* Release */,
			);
			defaultConfigurationIsVisible = 0;
			defaultConfigurationName = Release;
		};
		1E3692A22AB3C35900184A70 /* Build configuration list for PBXNativeTarget "HackwichThree_9.14.23" */ = {
			isa = XCConfigurationList;
			buildConfigurations = (
				1E3692A32AB3C35900184A70 /* Debug */,
				1E3692A42AB3C35900184A70 /* Release */,
			);
			defaultConfigurationIsVisible = 0;
			defaultConfigurationName = Release;
		};
		1E3692A52AB3C35900184A70 /* Build configuration list for PBXNativeTarget "HackwichThree_9.14.23Tests" */ = {
			isa = XCConfigurationList;
			buildConfigurations = (
				1E3692A62AB3C35900184A70 /* Debug */,
				1E3692A72AB3C35900184A70 /* Release */,
			);
			defaultConfigurationIsVisible = 0;
			defaultConfigurationName = Release;
		};
		1E3692A82AB3C35900184A70 /* Build configuration list for PBXNativeTarget "HackwichThree_9.14.23UITests" */ = {
			isa = XCConfigurationList;
			buildConfigurations = (
				1E3692A92AB3C35900184A70 /* Debug */,
				1E3692AA2AB3C35900184A70 /* Release */,
			);
			defaultConfigurationIsVisible = 0;
			defaultConfigurationName = Release;
		};
/* End XCConfigurationList section */
	};
	rootObject = 1E3692702AB3C35700184A70 /* Project object */;
}
